# This is a Gradle generated file for dependency locking.
# Manual edits can break the build and are not advised.
# This file is expected to be part of source control.
com.fasterxml.jackson.core:jackson-annotations:2.15.2=serverRuntime
com.fasterxml.jackson.core:jackson-core:2.15.2=serverRuntime
com.fasterxml.jackson.core:jackson-databind:2.15.2=serverRuntime
com.fasterxml.jackson.datatype:jackson-datatype-jdk8:2.15.2=serverRuntime
com.fasterxml.jackson.datatype:jackson-datatype-jsr310:2.15.2=serverRuntime
com.fasterxml.jackson:jackson-bom:2.15.2=serverRuntime
com.github.ben-manes.caffeine:caffeine:2.9.3=sparkRuntime
com.google.code.findbugs:jsr305:3.0.2=serverRuntime
com.google.errorprone:error_prone_annotations:2.10.0=sparkRuntime
com.google.errorprone:error_prone_annotations:2.21.1=serverRuntime
com.google.guava:failureaccess:1.0.1=serverRuntime
com.google.guava:guava:32.1.3-jre=serverRuntime
com.google.guava:listenablefuture:9999.0-empty-to-avoid-conflict-with-guava=serverRuntime
commons-logging:commons-logging:1.2=serverRuntime
jakarta.transaction:jakarta.transaction-api:1.3.3=serverRuntime
jakarta.validation:jakarta.validation-api:2.0.2=serverRuntime
org.apache.commons:commons-collections4:4.4=serverRuntime
org.apache.commons:commons-dbcp2:2.11.0=serverRuntime
org.apache.commons:commons-lang3:3.14.0=serverRuntime
org.apache.commons:commons-pool2:2.12.0=serverRuntime
org.apache.doris:spark-doris-connector-spark-3.5:26.0.0=sparkRuntime
org.apache.gravitino:gravitino-catalog-common:1.3.0=serverRuntime
org.apache.gravitino:gravitino-catalog-jdbc-common:1.3.0=serverRuntime
org.apache.gravitino:gravitino-catalog-jdbc-doris:1.3.0=serverRuntime
org.apache.gravitino:gravitino-spark-connector-runtime-3.5_2.12:1.3.0=shadedSparkRuntime
org.apache.logging.log4j:log4j-1.2-api:2.25.4=serverRuntime
org.apache.logging.log4j:log4j-api:2.25.4=serverRuntime
org.apache.logging.log4j:log4j-core:2.25.4=serverRuntime
org.apache.logging.log4j:log4j-layout-template-json:2.25.4=serverRuntime
org.apache.logging.log4j:log4j-slf4j2-impl:2.25.4=serverRuntime
org.checkerframework:checker-qual:3.19.0=sparkRuntime
org.checkerframework:checker-qual:3.37.0=serverRuntime
org.slf4j:slf4j-api:2.0.17=serverRuntime
empty=
